
Microsoft Visual Studio Solution File, Format Version 12.00
# Visual Studio Version 16
VisualStudioVersion = 16.0.29001.49
MinimumVisualStudioVersion = 10.0.40219.1
Project("{FAE04EC0-301F-11D3-BF4B-00C04F79EFBC}") = "PizzaBot", "PizzaBot.csproj", "{7C50B0C8-6A88-4B33-90FE-D134A5EE7701}"
EndProject
Global
	GlobalSection(SolutionConfigurationPlatforms) = preSolution
		Debug|Any CPU = Debug|Any CPU
		Release|Any CPU = Release|Any CPU
	EndGlobalSection
	GlobalSection(ProjectConfigurationPlatforms) = postSolution
		{7C50B0C8-6A88-4B33-90FE-D134A5EE7701}.Debug|Any CPU.ActiveCfg = Debug|Any CPU
		{7C50B0C8-6A88-4B33-90FE-D134A5EE7701}.Debug|Any CPU.Build.0 = Debug|Any CPU
		{7C50B0C8-6A88-4B33-90FE-D134A5EE7701}.Release|Any CPU.ActiveCfg = Release|Any CPU
		{7C50B0C8-6A88-4B33-90FE-D134A5EE7701}.Release|Any CPU.Build.0 = Release|Any CPU
	EndGlobalSection
	GlobalSection(SolutionProperties) = preSolution
		HideSolutionNode = FALSE
	EndGlobalSection
	GlobalSection(ExtensibilityGlobals) = postSolution
		SolutionGuid = {62C4A160-9725-48EE-AD81-B1FF46BE8F79}
	EndGlobalSection
EndGlobal
